
Microsoft Visual Studio Solution File, Format Version 12.00
# Visual Studio Version 16
VisualStudioVersion = 16.0.30114.105
MinimumVisualStudioVersion = 10.0.40219.1
Project("{FAE04EC0-301F-11D3-BF4B-00C04F79EFBC}") = "ExercicioDBML.Lib", "ExercicioDBML.Lib\ExercicioDBML.Lib.csproj", "{158FD31D-ECC8-4709-82FA-0FC53FAEC539}"
EndProject
Project("{FAE04EC0-301F-11D3-BF4B-00C04F79EFBC}") = "ExercicioDBML", "ExercicioDBML.WEB\ExercicioDBML.csproj", "{A8666948-BE61-4B3C-B4DA-A4A8937FB552}"
EndProject
Global
	GlobalSection(SolutionConfigurationPlatforms) = preSolution
		Debug|Any CPU = Debug|Any CPU
		Release|Any CPU = Release|Any CPU
	EndGlobalSection
	GlobalSection(SolutionProperties) = preSolution
		HideSolutionNode = FALSE
	EndGlobalSection
	GlobalSection(ProjectConfigurationPlatforms) = postSolution
		{158FD31D-ECC8-4709-82FA-0FC53FAEC539}.Debug|Any CPU.ActiveCfg = Debug|Any CPU
		{158FD31D-ECC8-4709-82FA-0FC53FAEC539}.Debug|Any CPU.Build.0 = Debug|Any CPU
		{158FD31D-ECC8-4709-82FA-0FC53FAEC539}.Release|Any CPU.ActiveCfg = Release|Any CPU
		{158FD31D-ECC8-4709-82FA-0FC53FAEC539}.Release|Any CPU.Build.0 = Release|Any CPU
		{A8666948-BE61-4B3C-B4DA-A4A8937FB552}.Debug|Any CPU.ActiveCfg = Debug|Any CPU
		{A8666948-BE61-4B3C-B4DA-A4A8937FB552}.Debug|Any CPU.Build.0 = Debug|Any CPU
		{A8666948-BE61-4B3C-B4DA-A4A8937FB552}.Release|Any CPU.ActiveCfg = Release|Any CPU
		{A8666948-BE61-4B3C-B4DA-A4A8937FB552}.Release|Any CPU.Build.0 = Release|Any CPU
	EndGlobalSection
EndGlobal
